
Microsoft Visual Studio Solution File, Format Version 11.00
# Visual Studio 2010
Project("{FAE04EC0-301F-11D3-BF4B-00C04F79EFBC}") = "UniTask", "UniTask.csproj", "{e8a89cc3-7c97-9d4e-bed1-2876ec45868d}"
EndProject
Project("{FAE04EC0-301F-11D3-BF4B-00C04F79EFBC}") = "Assembly-CSharp", "Assembly-CSharp.csproj", "{34205854-4e38-e9e0-bb7c-fcd6e87cd52e}"
EndProject
Project("{FAE04EC0-301F-11D3-BF4B-00C04F79EFBC}") = "UniTask.Linq", "UniTask.Linq.csproj", "{e2ff2e53-a454-b965-a17d-d978fabba4ba}"
EndProject
Project("{FAE04EC0-301F-11D3-BF4B-00C04F79EFBC}") = "UniEvent", "UniEvent.csproj", "{52008dcb-1f2b-54f3-bac3-9894301cc49f}"
EndProject
Project("{FAE04EC0-301F-11D3-BF4B-00C04F79EFBC}") = "UniTask.DOTween", "UniTask.DOTween.csproj", "{32f4d956-d904-85df-62db-b9fc4ed3b8b1}"
EndProject
Project("{FAE04EC0-301F-11D3-BF4B-00C04F79EFBC}") = "UniSingleton", "UniSingleton.csproj", "{ad2273ac-ab3f-0b97-9dac-b5085bb0c549}"
EndProject
Project("{FAE04EC0-301F-11D3-BF4B-00C04F79EFBC}") = "com.logviewer.runtime", "com.logviewer.runtime.csproj", "{40386760-7d69-88d1-e8cf-0d55c759a2ac}"
EndProject
Project("{FAE04EC0-301F-11D3-BF4B-00C04F79EFBC}") = "UniMachine", "UniMachine.csproj", "{9d2fbcdf-9490-c428-d23b-08b061e78507}"
EndProject
Project("{FAE04EC0-301F-11D3-BF4B-00C04F79EFBC}") = "UniWindow", "UniWindow.csproj", "{0a8a09eb-9761-07c1-fffc-82558d51c337}"
EndProject
Project("{FAE04EC0-301F-11D3-BF4B-00C04F79EFBC}") = "HotUpdate", "HotUpdate.csproj", "{3e0da64f-92ea-7238-d6c7-248263c95921}"
EndProject
Project("{FAE04EC0-301F-11D3-BF4B-00C04F79EFBC}") = "UniPooling", "UniPooling.csproj", "{1e17ba53-e565-6023-ee96-f4202123e12a}"
EndProject
Project("{FAE04EC0-301F-11D3-BF4B-00C04F79EFBC}") = "UniTask.TextMeshPro", "UniTask.TextMeshPro.csproj", "{6e20cd00-0ba3-4e27-fd09-0045e640af42}"
EndProject
Project("{FAE04EC0-301F-11D3-BF4B-00C04F79EFBC}") = "AOTPublic", "AOTPublic.csproj", "{76ec82e1-f6ab-a713-5b6e-26e607cae92e}"
EndProject
Project("{FAE04EC0-301F-11D3-BF4B-00C04F79EFBC}") = "UniUtility", "UniUtility.csproj", "{2ce989bc-3b30-a4af-4c4b-d8a5da34331f}"
EndProject
Project("{FAE04EC0-301F-11D3-BF4B-00C04F79EFBC}") = "UniTask.Addressables", "UniTask.Addressables.csproj", "{581a0e44-a33a-02ab-9495-2dcb3ecdfbd1}"
EndProject
Project("{FAE04EC0-301F-11D3-BF4B-00C04F79EFBC}") = "Assembly-CSharp-Editor", "Assembly-CSharp-Editor.csproj", "{4335b551-1521-fb69-4776-89fcf3187092}"
EndProject
Project("{FAE04EC0-301F-11D3-BF4B-00C04F79EFBC}") = "com.logviewer.editor", "com.logviewer.editor.csproj", "{8519b823-9b3f-bb12-3145-48cbef6f730a}"
EndProject
Project("{FAE04EC0-301F-11D3-BF4B-00C04F79EFBC}") = "UniTask.Editor", "UniTask.Editor.csproj", "{015ab737-6af5-d74f-1c62-50ba7afdfb8c}"
EndProject
Project("{FAE04EC0-301F-11D3-BF4B-00C04F79EFBC}") = "Assembly-CSharp-firstpass", "Assembly-CSharp-firstpass.csproj", "{0ae0de1e-9366-0c1d-358e-8434c1b711e5}"
EndProject
Global
	GlobalSection(SolutionConfigurationPlatforms) = preSolution
		Debug|Any CPU = Debug|Any CPU
	EndGlobalSection
	GlobalSection(ProjectConfigurationPlatforms) = postSolution
		{e8a89cc3-7c97-9d4e-bed1-2876ec45868d}.Debug|Any CPU.ActiveCfg = Debug|Any CPU
		{e8a89cc3-7c97-9d4e-bed1-2876ec45868d}.Debug|Any CPU.Build.0 = Debug|Any CPU
		{34205854-4e38-e9e0-bb7c-fcd6e87cd52e}.Debug|Any CPU.ActiveCfg = Debug|Any CPU
		{34205854-4e38-e9e0-bb7c-fcd6e87cd52e}.Debug|Any CPU.Build.0 = Debug|Any CPU
		{e2ff2e53-a454-b965-a17d-d978fabba4ba}.Debug|Any CPU.ActiveCfg = Debug|Any CPU
		{e2ff2e53-a454-b965-a17d-d978fabba4ba}.Debug|Any CPU.Build.0 = Debug|Any CPU
		{52008dcb-1f2b-54f3-bac3-9894301cc49f}.Debug|Any CPU.ActiveCfg = Debug|Any CPU
		{52008dcb-1f2b-54f3-bac3-9894301cc49f}.Debug|Any CPU.Build.0 = Debug|Any CPU
		{32f4d956-d904-85df-62db-b9fc4ed3b8b1}.Debug|Any CPU.ActiveCfg = Debug|Any CPU
		{32f4d956-d904-85df-62db-b9fc4ed3b8b1}.Debug|Any CPU.Build.0 = Debug|Any CPU
		{ad2273ac-ab3f-0b97-9dac-b5085bb0c549}.Debug|Any CPU.ActiveCfg = Debug|Any CPU
		{ad2273ac-ab3f-0b97-9dac-b5085bb0c549}.Debug|Any CPU.Build.0 = Debug|Any CPU
		{40386760-7d69-88d1-e8cf-0d55c759a2ac}.Debug|Any CPU.ActiveCfg = Debug|Any CPU
		{40386760-7d69-88d1-e8cf-0d55c759a2ac}.Debug|Any CPU.Build.0 = Debug|Any CPU
		{9d2fbcdf-9490-c428-d23b-08b061e78507}.Debug|Any CPU.ActiveCfg = Debug|Any CPU
		{9d2fbcdf-9490-c428-d23b-08b061e78507}.Debug|Any CPU.Build.0 = Debug|Any CPU
		{0a8a09eb-9761-07c1-fffc-82558d51c337}.Debug|Any CPU.ActiveCfg = Debug|Any CPU
		{0a8a09eb-9761-07c1-fffc-82558d51c337}.Debug|Any CPU.Build.0 = Debug|Any CPU
		{3e0da64f-92ea-7238-d6c7-248263c95921}.Debug|Any CPU.ActiveCfg = Debug|Any CPU
		{3e0da64f-92ea-7238-d6c7-248263c95921}.Debug|Any CPU.Build.0 = Debug|Any CPU
		{1e17ba53-e565-6023-ee96-f4202123e12a}.Debug|Any CPU.ActiveCfg = Debug|Any CPU
		{1e17ba53-e565-6023-ee96-f4202123e12a}.Debug|Any CPU.Build.0 = Debug|Any CPU
		{6e20cd00-0ba3-4e27-fd09-0045e640af42}.Debug|Any CPU.ActiveCfg = Debug|Any CPU
		{6e20cd00-0ba3-4e27-fd09-0045e640af42}.Debug|Any CPU.Build.0 = Debug|Any CPU
		{76ec82e1-f6ab-a713-5b6e-26e607cae92e}.Debug|Any CPU.ActiveCfg = Debug|Any CPU
		{76ec82e1-f6ab-a713-5b6e-26e607cae92e}.Debug|Any CPU.Build.0 = Debug|Any CPU
		{2ce989bc-3b30-a4af-4c4b-d8a5da34331f}.Debug|Any CPU.ActiveCfg = Debug|Any CPU
		{2ce989bc-3b30-a4af-4c4b-d8a5da34331f}.Debug|Any CPU.Build.0 = Debug|Any CPU
		{581a0e44-a33a-02ab-9495-2dcb3ecdfbd1}.Debug|Any CPU.ActiveCfg = Debug|Any CPU
		{581a0e44-a33a-02ab-9495-2dcb3ecdfbd1}.Debug|Any CPU.Build.0 = Debug|Any CPU
		{4335b551-1521-fb69-4776-89fcf3187092}.Debug|Any CPU.ActiveCfg = Debug|Any CPU
		{4335b551-1521-fb69-4776-89fcf3187092}.Debug|Any CPU.Build.0 = Debug|Any CPU
		{8519b823-9b3f-bb12-3145-48cbef6f730a}.Debug|Any CPU.ActiveCfg = Debug|Any CPU
		{8519b823-9b3f-bb12-3145-48cbef6f730a}.Debug|Any CPU.Build.0 = Debug|Any CPU
		{015ab737-6af5-d74f-1c62-50ba7afdfb8c}.Debug|Any CPU.ActiveCfg = Debug|Any CPU
		{015ab737-6af5-d74f-1c62-50ba7afdfb8c}.Debug|Any CPU.Build.0 = Debug|Any CPU
		{0ae0de1e-9366-0c1d-358e-8434c1b711e5}.Debug|Any CPU.ActiveCfg = Debug|Any CPU
		{0ae0de1e-9366-0c1d-358e-8434c1b711e5}.Debug|Any CPU.Build.0 = Debug|Any CPU
	EndGlobalSection
	GlobalSection(SolutionProperties) = preSolution
		HideSolutionNode = FALSE
	EndGlobalSection
EndGlobal
